// !$*UTF8*$!
{
	archiveVersion = 1;
	classes = {
	};
	objectVersion = 56;
	objects = {

/* Begin PBXBuildFile section */
		437406F12BA346BB004A6441 /* Testlibtlive555App.swift in Sources */ = {isa = PBXBuildFile; fileRef = 437406F02BA346BB004A6441 /* Testlibtlive555App.swift */; };
		437406F32BA346BB004A6441 /* ContentView.swift in Sources */ = {isa = PBXBuildFile; fileRef = 437406F22BA346BB004A6441 /* ContentView.swift */; };
		437406F52BA346BD004A6441 /* Assets.xcassets in Resources */ = {isa = PBXBuildFile; fileRef = 437406F42BA346BD004A6441 /* Assets.xcassets */; };
		437406F92BA346BD004A6441 /* Preview Assets.xcassets in Resources */ = {isa = PBXBuildFile; fileRef = 437406F82BA346BD004A6441 /* Preview Assets.xcassets */; };
		437407042BA34757004A6441 /* live555MediaServer.cpp in Sources */ = {isa = PBXBuildFile; fileRef = 437407012BA34757004A6441 /* live555MediaServer.cpp */; };
		437407052BA34757004A6441 /* DynamicRTSPServer.cpp in Sources */ = {isa = PBXBuildFile; fileRef = 437407022BA34757004A6441 /* DynamicRTSPServer.cpp */; };
		4374070D2BA34AE6004A6441 /* libtlive555.xcframework in Frameworks */ = {isa = PBXBuildFile; fileRef = 4374070C2BA34AE6004A6441 /* libtlive555.xcframework */; };
		4374070E2BA34AE6004A6441 /* libtlive555.xcframework in Embed Frameworks */ = {isa = PBXBuildFile; fileRef = 4374070C2BA34AE6004A6441 /* libtlive555.xcframework */; settings = {ATTRIBUTES = (CodeSignOnCopy, RemoveHeadersOnCopy, ); }; };
/* End PBXBuildFile section */

/* Begin PBXCopyFilesBuildPhase section */
		4374070F2BA34AE6004A6441 /* Embed Frameworks */ = {
			isa = PBXCopyFilesBuildPhase;
			buildActionMask = 2147483647;
			dstPath = "";
			dstSubfolderSpec = 10;
			files = (
				4374070E2BA34AE6004A6441 /* libtlive555.xcframework in Embed Frameworks */,
			);
			name = "Embed Frameworks";
			runOnlyForDeploymentPostprocessing = 0;
		};
/* End PBXCopyFilesBuildPhase section */

/* Begin PBXFileReference section */
		437406ED2BA346BB004A6441 /* Testlibtlive555.app */ = {isa = PBXFileReference; explicitFileType = wrapper.application; includeInIndex = 0; path = Testlibtlive555.app; sourceTree = BUILT_PRODUCTS_DIR; };
		437406F02BA346BB004A6441 /* Testlibtlive555App.swift */ = {isa = PBXFileReference; lastKnownFileType = sourcecode.swift; path = Testlibtlive555App.swift; sourceTree = "<group>"; };
		437406F22BA346BB004A6441 /* ContentView.swift */ = {isa = PBXFileReference; lastKnownFileType = sourcecode.swift; path = ContentView.swift; sourceTree = "<group>"; };
		437406F42BA346BD004A6441 /* Assets.xcassets */ = {isa = PBXFileReference; lastKnownFileType = folder.assetcatalog; path = Assets.xcassets; sourceTree = "<group>"; };
		437406F62BA346BD004A6441 /* Testlibtlive555.entitlements */ = {isa = PBXFileReference; lastKnownFileType = text.plist.entitlements; path = Testlibtlive555.entitlements; sourceTree = "<group>"; };
		437406F82BA346BD004A6441 /* Preview Assets.xcassets */ = {isa = PBXFileReference; lastKnownFileType = folder.assetcatalog; path = "Preview Assets.xcassets"; sourceTree = "<group>"; };
		437406FF2BA34756004A6441 /* Testlibtlive555-Bridging-Header.h */ = {isa = PBXFileReference; lastKnownFileType = sourcecode.c.h; path = "Testlibtlive555-Bridging-Header.h"; sourceTree = "<group>"; };
		437407002BA34757004A6441 /* DynamicRTSPServer.hh */ = {isa = PBXFileReference; fileEncoding = 4; lastKnownFileType = sourcecode.cpp.h; path = DynamicRTSPServer.hh; sourceTree = "<group>"; };
		437407012BA34757004A6441 /* live555MediaServer.cpp */ = {isa = PBXFileReference; fileEncoding = 4; lastKnownFileType = sourcecode.cpp.cpp; path = live555MediaServer.cpp; sourceTree = "<group>"; };
		437407022BA34757004A6441 /* DynamicRTSPServer.cpp */ = {isa = PBXFileReference; fileEncoding = 4; lastKnownFileType = sourcecode.cpp.cpp; path = DynamicRTSPServer.cpp; sourceTree = "<group>"; };
		437407032BA34757004A6441 /* version.hh */ = {isa = PBXFileReference; fileEncoding = 4; lastKnownFileType = sourcecode.cpp.h; path = version.hh; sourceTree = "<group>"; };
		4374070C2BA34AE6004A6441 /* libtlive555.xcframework */ = {isa = PBXFileReference; lastKnownFileType = wrapper.xcframework; name = libtlive555.xcframework; path = ../libtlive555/Deliverables/Release/libtlive555/libtlive555.xcframework; sourceTree = "<group>"; };
		437407102BA35472004A6441 /* Info.plist */ = {isa = PBXFileReference; lastKnownFileType = text.plist; path = Info.plist; sourceTree = "<group>"; };
/* End PBXFileReference section */

/* Begin PBXFrameworksBuildPhase section */
		437406EA2BA346BB004A6441 /* Frameworks */ = {
			isa = PBXFrameworksBuildPhase;
			buildActionMask = 2147483647;
			files = (
				4374070D2BA34AE6004A6441 /* libtlive555.xcframework in Frameworks */,
			);
			runOnlyForDeploymentPostprocessing = 0;
		};
/* End PBXFrameworksBuildPhase section */

/* Begin PBXGroup section */
		437406E42BA346BB004A6441 = {
			isa = PBXGroup;
			children = (
				437406EF2BA346BB004A6441 /* Testlibtlive555 */,
				437406EE2BA346BB004A6441 /* Products */,
				437407072BA34789004A6441 /* Frameworks */,
			);
			sourceTree = "<group>";
		};
		437406EE2BA346BB004A6441 /* Products */ = {
			isa = PBXGroup;
			children = (
				437406ED2BA346BB004A6441 /* Testlibtlive555.app */,
			);
			name = Products;
			sourceTree = "<group>";
		};
		437406EF2BA346BB004A6441 /* Testlibtlive555 */ = {
			isa = PBXGroup;
			children = (
				437407102BA35472004A6441 /* Info.plist */,
				437406F02BA346BB004A6441 /* Testlibtlive555App.swift */,
				437406F22BA346BB004A6441 /* ContentView.swift */,
				437406FF2BA34756004A6441 /* Testlibtlive555-Bridging-Header.h */,
				437407062BA34760004A6441 /* src */,
				437406F42BA346BD004A6441 /* Assets.xcassets */,
				437406F62BA346BD004A6441 /* Testlibtlive555.entitlements */,
				437406F72BA346BD004A6441 /* Preview Content */,
			);
			path = Testlibtlive555;
			sourceTree = "<group>";
		};
		437406F72BA346BD004A6441 /* Preview Content */ = {
			isa = PBXGroup;
			children = (
				437406F82BA346BD004A6441 /* Preview Assets.xcassets */,
			);
			path = "Preview Content";
			sourceTree = "<group>";
		};
		437407062BA34760004A6441 /* src */ = {
			isa = PBXGroup;
			children = (
				437407022BA34757004A6441 /* DynamicRTSPServer.cpp */,
				437407002BA34757004A6441 /* DynamicRTSPServer.hh */,
				437407012BA34757004A6441 /* live555MediaServer.cpp */,
				437407032BA34757004A6441 /* version.hh */,
			);
			path = src;
			sourceTree = "<group>";
		};
		437407072BA34789004A6441 /* Frameworks */ = {
			isa = PBXGroup;
			children = (
				4374070C2BA34AE6004A6441 /* libtlive555.xcframework */,
			);
			name = Frameworks;
			sourceTree = "<group>";
		};
/* End PBXGroup section */

/* Begin PBXNativeTarget section */
		437406EC2BA346BB004A6441 /* Testlibtlive555 */ = {
			isa = PBXNativeTarget;
			buildConfigurationList = 437406FC2BA346BD004A6441 /* Build configuration list for PBXNativeTarget "Testlibtlive555" */;
			buildPhases = (
				437406E92BA346BB004A6441 /* Sources */,
				437406EA2BA346BB004A6441 /* Frameworks */,
				437406EB2BA346BB004A6441 /* Resources */,
				4374070F2BA34AE6004A6441 /* Embed Frameworks */,
			);
			buildRules = (
			);
			dependencies = (
			);
			name = Testlibtlive555;
			productName = Testlibtlive555;
			productReference = 437406ED2BA346BB004A6441 /* Testlibtlive555.app */;
			productType = "com.apple.product-type.application";
		};
/* End PBXNativeTarget section */

/* Begin PBXProject section */
		437406E52BA346BB004A6441 /* Project object */ = {
			isa = PBXProject;
			attributes = {
				BuildIndependentTargetsInParallel = 1;
				LastSwiftUpdateCheck = 1520;
				LastUpgradeCheck = 1520;
				TargetAttributes = {
					437406EC2BA346BB004A6441 = {
						CreatedOnToolsVersion = 15.2;
						LastSwiftMigration = 1520;
					};
				};
			};
			buildConfigurationList = 437406E82BA346BB004A6441 /* Build configuration list for PBXProject "Testlibtlive555" */;
			compatibilityVersion = "Xcode 14.0";
			developmentRegion = en;
			hasScannedForEncodings = 0;
			knownRegions = (
				en,
				Base,
			);
			mainGroup = 437406E42BA346BB004A6441;
			productRefGroup = 437406EE2BA346BB004A6441 /* Products */;
			projectDirPath = "";
			projectRoot = "";
			targets = (
				437406EC2BA346BB004A6441 /* Testlibtlive555 */,
			);
		};
/* End PBXProject section */

/* Begin PBXResourcesBuildPhase section */
		437406EB2BA346BB004A6441 /* Resources */ = {
			isa = PBXResourcesBuildPhase;
			buildActionMask = 2147483647;
			files = (
				437406F92BA346BD004A6441 /* Preview Assets.xcassets in Resources */,
				437406F52BA346BD004A6441 /* Assets.xcassets in Resources */,
			);
			runOnlyForDeploymentPostprocessing = 0;
		};
/* End PBXResourcesBuildPhase section */

/* Begin PBXSourcesBuildPhase section */
		437406E92BA346BB004A6441 /* Sources */ = {
			isa = PBXSourcesBuildPhase;
			buildActionMask = 2147483647;
			files = (
				437406F32BA346BB004A6441 /* ContentView.swift in Sources */,
				437406F12BA346BB004A6441 /* Testlibtlive555App.swift in Sources */,
				437407042BA34757004A6441 /* live555MediaServer.cpp in Sources */,
				437407052BA34757004A6441 /* DynamicRTSPServer.cpp in Sources */,
			);
			runOnlyForDeploymentPostprocessing = 0;
		};
/* End PBXSourcesBuildPhase section */

/* Begin XCBuildConfiguration section */
		437406FA2BA346BD004A6441 /* Debug */ = {
			isa = XCBuildConfiguration;
			buildSettings = {
				ALWAYS_SEARCH_USER_PATHS = NO;
				ASSETCATALOG_COMPILER_GENERATE_SWIFT_ASSET_SYMBOL_EXTENSIONS = YES;
				CLANG_ANALYZER_NONNULL = YES;
				CLANG_ANALYZER_NUMBER_OBJECT_CONVERSION = YES_AGGRESSIVE;
				CLANG_CXX_LANGUAGE_STANDARD = "gnu++20";
				CLANG_ENABLE_MODULES = YES;
				CLANG_ENABLE_OBJC_ARC = YES;
				CLANG_ENABLE_OBJC_WEAK = YES;
				CLANG_WARN_BLOCK_CAPTURE_AUTORELEASING = YES;
				CLANG_WARN_BOOL_CONVERSION = YES;
				CLANG_WARN_COMMA = YES;
				CLANG_WARN_CONSTANT_CONVERSION = YES;
				CLANG_WARN_DEPRECATED_OBJC_IMPLEMENTATIONS = YES;
				CLANG_WARN_DIRECT_OBJC_ISA_USAGE = YES_ERROR;
				CLANG_WARN_DOCUMENTATION_COMMENTS = YES;
				CLANG_WARN_EMPTY_BODY = YES;
				CLANG_WARN_ENUM_CONVERSION = YES;
				CLANG_WARN_INFINITE_RECURSION = YES;
				CLANG_WARN_INT_CONVERSION = YES;
				CLANG_WARN_NON_LITERAL_NULL_CONVERSION = YES;
				CLANG_WARN_OBJC_IMPLICIT_RETAIN_SELF = YES;
				CLANG_WARN_OBJC_LITERAL_CONVERSION = YES;
				CLANG_WARN_OBJC_ROOT_CLASS = YES_ERROR;
				CLANG_WARN_QUOTED_INCLUDE_IN_FRAMEWORK_HEADER = YES;
				CLANG_WARN_RANGE_LOOP_ANALYSIS = YES;
				CLANG_WARN_STRICT_PROTOTYPES = YES;
				CLANG_WARN_SUSPICIOUS_MOVE = YES;
				CLANG_WARN_UNGUARDED_AVAILABILITY = YES_AGGRESSIVE;
				CLANG_WARN_UNREACHABLE_CODE = YES;
				CLANG_WARN__DUPLICATE_METHOD_MATCH = YES;
				COPY_PHASE_STRIP = NO;
				DEBUG_INFORMATION_FORMAT = dwarf;
				ENABLE_STRICT_OBJC_MSGSEND = YES;
				ENABLE_TESTABILITY = YES;
				ENABLE_USER_SCRIPT_SANDBOXING = YES;
				GCC_C_LANGUAGE_STANDARD = gnu17;
				GCC_DYNAMIC_NO_PIC = NO;
				GCC_NO_COMMON_BLOCKS = YES;
				GCC_OPTIMIZATION_LEVEL = 0;
				GCC_PREPROCESSOR_DEFINITIONS = (
					"DEBUG=1",
					"$(inherited)",
				);
				GCC_WARN_64_TO_32_BIT_CONVERSION = YES;
				GCC_WARN_ABOUT_RETURN_TYPE = YES_ERROR;
				GCC_WARN_UNDECLARED_SELECTOR = YES;
				GCC_WARN_UNINITIALIZED_AUTOS = YES_AGGRESSIVE;
				GCC_WARN_UNUSED_FUNCTION = YES;
				GCC_WARN_UNUSED_VARIABLE = YES;
				LOCALIZATION_PREFERS_STRING_CATALOGS = YES;
				MTL_ENABLE_DEBUG_INFO = INCLUDE_SOURCE;
				MTL_FAST_MATH = YES;
				ONLY_ACTIVE_ARCH = YES;
				SWIFT_ACTIVE_COMPILATION_CONDITIONS = "DEBUG $(inherited)";
				SWIFT_OPTIMIZATION_LEVEL = "-Onone";
			};
			name = Debug;
		};
		437406FB2BA346BD004A6441 /* Release */ = {
			isa = XCBuildConfiguration;
			buildSettings = {
				ALWAYS_SEARCH_USER_PATHS = NO;
				ASSETCATALOG_COMPILER_GENERATE_SWIFT_ASSET_SYMBOL_EXTENSIONS = YES;
				CLANG_ANALYZER_NONNULL = YES;
				CLANG_ANALYZER_NUMBER_OBJECT_CONVERSION = YES_AGGRESSIVE;
				CLANG_CXX_LANGUAGE_STANDARD = "gnu++20";
				CLANG_ENABLE_MODULES = YES;
				CLANG_ENABLE_OBJC_ARC = YES;
				CLANG_ENABLE_OBJC_WEAK = YES;
				CLANG_WARN_BLOCK_CAPTURE_AUTORELEASING = YES;
				CLANG_WARN_BOOL_CONVERSION = YES;
				CLANG_WARN_COMMA = YES;
				CLANG_WARN_CONSTANT_CONVERSION = YES;
				CLANG_WARN_DEPRECATED_OBJC_IMPLEMENTATIONS = YES;
				CLANG_WARN_DIRECT_OBJC_ISA_USAGE = YES_ERROR;
				CLANG_WARN_DOCUMENTATION_COMMENTS = YES;
				CLANG_WARN_EMPTY_BODY = YES;
				CLANG_WARN_ENUM_CONVERSION = YES;
				CLANG_WARN_INFINITE_RECURSION = YES;
				CLANG_WARN_INT_CONVERSION = YES;
				CLANG_WARN_NON_LITERAL_NULL_CONVERSION = YES;
				CLANG_WARN_OBJC_IMPLICIT_RETAIN_SELF = YES;
				CLANG_WARN_OBJC_LITERAL_CONVERSION = YES;
				CLANG_WARN_OBJC_ROOT_CLASS = YES_ERROR;
				CLANG_WARN_QUOTED_INCLUDE_IN_FRAMEWORK_HEADER = YES;
				CLANG_WARN_RANGE_LOOP_ANALYSIS = YES;
				CLANG_WARN_STRICT_PROTOTYPES = YES;
				CLANG_WARN_SUSPICIOUS_MOVE = YES;
				CLANG_WARN_UNGUARDED_AVAILABILITY = YES_AGGRESSIVE;
				CLANG_WARN_UNREACHABLE_CODE = YES;
				CLANG_WARN__DUPLICATE_METHOD_MATCH = YES;
				COPY_PHASE_STRIP = NO;
				DEBUG_INFORMATION_FORMAT = "dwarf-with-dsym";
				ENABLE_NS_ASSERTIONS = NO;
				ENABLE_STRICT_OBJC_MSGSEND = YES;
				ENABLE_USER_SCRIPT_SANDBOXING = YES;
				GCC_C_LANGUAGE_STANDARD = gnu17;
				GCC_NO_COMMON_BLOCKS = YES;
				GCC_WARN_64_TO_32_BIT_CONVERSION = YES;
				GCC_WARN_ABOUT_RETURN_TYPE = YES_ERROR;
				GCC_WARN_UNDECLARED_SELECTOR = YES;
				GCC_WARN_UNINITIALIZED_AUTOS = YES_AGGRESSIVE;
				GCC_WARN_UNUSED_FUNCTION = YES;
				GCC_WARN_UNUSED_VARIABLE = YES;
				LOCALIZATION_PREFERS_STRING_CATALOGS = YES;
				MTL_ENABLE_DEBUG_INFO = NO;
				MTL_FAST_MATH = YES;
				SWIFT_COMPILATION_MODE = wholemodule;
			};
			name = Release;
		};
		437406FD2BA346BD004A6441 /* Debug */ = {
			isa = XCBuildConfiguration;
			buildSettings = {
				ASSETCATALOG_COMPILER_APPICON_NAME = AppIcon;
				ASSETCATALOG_COMPILER_GLOBAL_ACCENT_COLOR_NAME = AccentColor;
				CLANG_ENABLE_MODULES = YES;
				CODE_SIGN_ENTITLEMENTS = Testlibtlive555/Testlibtlive555.entitlements;
				CODE_SIGN_STYLE = Automatic;
				CURRENT_PROJECT_VERSION = 1;
				DEVELOPMENT_ASSET_PATHS = "\"Testlibtlive555/Preview Content\"";
				DEVELOPMENT_TEAM = 5XK724N8WG;
				ENABLE_HARDENED_RUNTIME = YES;
				ENABLE_PREVIEWS = YES;
				GCC_PREPROCESSOR_DEFINITIONS = (
					"DEBUG=1",
					"$(inherited)",
					NO_OPENSSL,
					"BSD=1",
					"_FILE_OFFSET_BITS=64",
					"_LARGEFILE_SOURCE=1",
					"HAVE_SOCKADDR_LEN=1",
					"SOCKLEN_T=socklen_t",
					NEED_XLOCALE_H,
				);
				GENERATE_INFOPLIST_FILE = YES;
				HEADER_SEARCH_PATHS = "";
				INFOPLIST_FILE = Testlibtlive555/Info.plist;
				INFOPLIST_KEY_LSSupportsOpeningDocumentsInPlace = YES;
				INFOPLIST_KEY_NSLocalNetworkUsageDescription = "App want to use network....";
				"INFOPLIST_KEY_UIApplicationSceneManifest_Generation[sdk=iphoneos*]" = YES;
				"INFOPLIST_KEY_UIApplicationSceneManifest_Generation[sdk=iphonesimulator*]" = YES;
				"INFOPLIST_KEY_UIApplicationSupportsIndirectInputEvents[sdk=iphoneos*]" = YES;
				"INFOPLIST_KEY_UIApplicationSupportsIndirectInputEvents[sdk=iphonesimulator*]" = YES;
				"INFOPLIST_KEY_UILaunchScreen_Generation[sdk=iphoneos*]" = YES;
				"INFOPLIST_KEY_UILaunchScreen_Generation[sdk=iphonesimulator*]" = YES;
				"INFOPLIST_KEY_UIStatusBarStyle[sdk=iphoneos*]" = UIStatusBarStyleDefault;
				"INFOPLIST_KEY_UIStatusBarStyle[sdk=iphonesimulator*]" = UIStatusBarStyleDefault;
				INFOPLIST_KEY_UISupportedInterfaceOrientations_iPad = "UIInterfaceOrientationPortrait UIInterfaceOrientationPortraitUpsideDown UIInterfaceOrientationLandscapeLeft UIInterfaceOrientationLandscapeRight";
				INFOPLIST_KEY_UISupportedInterfaceOrientations_iPhone = "UIInterfaceOrientationPortrait UIInterfaceOrientationLandscapeLeft UIInterfaceOrientationLandscapeRight";
				IPHONEOS_DEPLOYMENT_TARGET = 17.2;
				LD_RUNPATH_SEARCH_PATHS = "@executable_path/Frameworks";
				"LD_RUNPATH_SEARCH_PATHS[sdk=macosx*]" = "@executable_path/../Frameworks";
				MACOSX_DEPLOYMENT_TARGET = 14.2;
				MARKETING_VERSION = 1.0;
				PRODUCT_BUNDLE_IDENTIFIER = com.tootzoe.Testlibtlive555;
				PRODUCT_NAME = "$(TARGET_NAME)";
				SDKROOT = auto;
				SUPPORTED_PLATFORMS = "iphoneos iphonesimulator macosx";
				SWIFT_EMIT_LOC_STRINGS = YES;
				SWIFT_OBJC_BRIDGING_HEADER = "Testlibtlive555/Testlibtlive555-Bridging-Header.h";
				SWIFT_OPTIMIZATION_LEVEL = "-Onone";
				SWIFT_VERSION = 5.0;
				TARGETED_DEVICE_FAMILY = "1,2";
			};
			name = Debug;
		};
		437406FE2BA346BD004A6441 /* Release */ = {
			isa = XCBuildConfiguration;
			buildSettings = {
				ASSETCATALOG_COMPILER_APPICON_NAME = AppIcon;
				ASSETCATALOG_COMPILER_GLOBAL_ACCENT_COLOR_NAME = AccentColor;
				CLANG_ENABLE_MODULES = YES;
				CODE_SIGN_ENTITLEMENTS = Testlibtlive555/Testlibtlive555.entitlements;
				CODE_SIGN_STYLE = Automatic;
				CURRENT_PROJECT_VERSION = 1;
				DEVELOPMENT_ASSET_PATHS = "\"Testlibtlive555/Preview Content\"";
				DEVELOPMENT_TEAM = 5XK724N8WG;
				ENABLE_HARDENED_RUNTIME = YES;
				ENABLE_PREVIEWS = YES;
				GCC_PREPROCESSOR_DEFINITIONS = (
					NO_OPENSSL,
					"BSD=1",
					"_FILE_OFFSET_BITS=64",
					"_LARGEFILE_SOURCE=1",
					"HAVE_SOCKADDR_LEN=1",
					"SOCKLEN_T=socklen_t",
					NEED_XLOCALE_H,
				);
				GENERATE_INFOPLIST_FILE = YES;
				HEADER_SEARCH_PATHS = "";
				INFOPLIST_FILE = Testlibtlive555/Info.plist;
				INFOPLIST_KEY_LSSupportsOpeningDocumentsInPlace = YES;
				INFOPLIST_KEY_NSLocalNetworkUsageDescription = "App want to use network....";
				"INFOPLIST_KEY_UIApplicationSceneManifest_Generation[sdk=iphoneos*]" = YES;
				"INFOPLIST_KEY_UIApplicationSceneManifest_Generation[sdk=iphonesimulator*]" = YES;
				"INFOPLIST_KEY_UIApplicationSupportsIndirectInputEvents[sdk=iphoneos*]" = YES;
				"INFOPLIST_KEY_UIApplicationSupportsIndirectInputEvents[sdk=iphonesimulator*]" = YES;
				"INFOPLIST_KEY_UILaunchScreen_Generation[sdk=iphoneos*]" = YES;
				"INFOPLIST_KEY_UILaunchScreen_Generation[sdk=iphonesimulator*]" = YES;
				"INFOPLIST_KEY_UIStatusBarStyle[sdk=iphoneos*]" = UIStatusBarStyleDefault;
				"INFOPLIST_KEY_UIStatusBarStyle[sdk=iphonesimulator*]" = UIStatusBarStyleDefault;
				INFOPLIST_KEY_UISupportedInterfaceOrientations_iPad = "UIInterfaceOrientationPortrait UIInterfaceOrientationPortraitUpsideDown UIInterfaceOrientationLandscapeLeft UIInterfaceOrientationLandscapeRight";
				INFOPLIST_KEY_UISupportedInterfaceOrientations_iPhone = "UIInterfaceOrientationPortrait UIInterfaceOrientationLandscapeLeft UIInterfaceOrientationLandscapeRight";
				IPHONEOS_DEPLOYMENT_TARGET = 17.2;
				LD_RUNPATH_SEARCH_PATHS = "@executable_path/Frameworks";
				"LD_RUNPATH_SEARCH_PATHS[sdk=macosx*]" = "@executable_path/../Frameworks";
				MACOSX_DEPLOYMENT_TARGET = 14.2;
				MARKETING_VERSION = 1.0;
				PRODUCT_BUNDLE_IDENTIFIER = com.tootzoe.Testlibtlive555;
				PRODUCT_NAME = "$(TARGET_NAME)";
				SDKROOT = auto;
				SUPPORTED_PLATFORMS = "iphoneos iphonesimulator macosx";
				SWIFT_EMIT_LOC_STRINGS = YES;
				SWIFT_OBJC_BRIDGING_HEADER = "Testlibtlive555/Testlibtlive555-Bridging-Header.h";
				SWIFT_VERSION = 5.0;
				TARGETED_DEVICE_FAMILY = "1,2";
			};
			name = Release;
		};
/* End XCBuildConfiguration section */

/* Begin XCConfigurationList section */
		437406E82BA346BB004A6441 /* Build configuration list for PBXProject "Testlibtlive555" */ = {
			isa = XCConfigurationList;
			buildConfigurations = (
				437406FA2BA346BD004A6441 /* Debug */,
				437406FB2BA346BD004A6441 /* Release */,
			);
			defaultConfigurationIsVisible = 0;
			defaultConfigurationName = Release;
		};
		437406FC2BA346BD004A6441 /* Build configuration list for PBXNativeTarget "Testlibtlive555" */ = {
			isa = XCConfigurationList;
			buildConfigurations = (
				437406FD2BA346BD004A6441 /* Debug */,
				437406FE2BA346BD004A6441 /* Release */,
			);
			defaultConfigurationIsVisible = 0;
			defaultConfigurationName = Release;
		};
/* End XCConfigurationList section */
	};
	rootObject = 437406E52BA346BB004A6441 /* Project object */;
}
